
Microsoft Visual Studio Solution File, Format Version 12.00
# Visual Studio Version 17
VisualStudioVersion = 17.1.32228.430
MinimumVisualStudioVersion = 10.0.40219.1
Project("{8BC9CEB8-8B4A-11D0-8D11-00A0C91BC942}") = "Students", "Students\Students.vcxproj", "{43F08DAB-8EE2-4955-B370-F1332595A14C}"
EndProject
Global
	GlobalSection(SolutionConfigurationPlatforms) = preSolution
		Debug|Win32 = Debug|Win32
		Release|Win32 = Release|Win32
	EndGlobalSection
	GlobalSection(ProjectConfigurationPlatforms) = postSolution
		{43F08DAB-8EE2-4955-B370-F1332595A14C}.Debug|Win32.ActiveCfg = Debug|Win32
		{43F08DAB-8EE2-4955-B370-F1332595A14C}.Debug|Win32.Build.0 = Debug|Win32
		{43F08DAB-8EE2-4955-B370-F1332595A14C}.Release|Win32.ActiveCfg = Release|Win32
		{43F08DAB-8EE2-4955-B370-F1332595A14C}.Release|Win32.Build.0 = Release|Win32
	EndGlobalSection
	GlobalSection(SolutionProperties) = preSolution
		HideSolutionNode = FALSE
	EndGlobalSection
	GlobalSection(ExtensibilityGlobals) = postSolution
		SolutionGuid = {38412FAB-1444-45C3-8DE4-1E552644543D}
	EndGlobalSection
EndGlobal
